
Microsoft Visual Studio Solution File, Format Version 12.00
# Visual Studio Version 16
VisualStudioVersion = 16.0.33423.256
MinimumVisualStudioVersion = 10.0.40219.1
Project("{FAE04EC0-301F-11D3-BF4B-00C04F79EFBC}") = "ManagementSystemV3", "ManagementSystemV3\ManagementSystemV3.csproj", "{B45A7C63-C614-4C76-81FF-6EE61BE55CC6}"
EndProject
Global
	GlobalSection(SolutionConfigurationPlatforms) = preSolution
		Debug|Any CPU = Debug|Any CPU
		Release|Any CPU = Release|Any CPU
	EndGlobalSection
	GlobalSection(ProjectConfigurationPlatforms) = postSolution
		{B45A7C63-C614-4C76-81FF-6EE61BE55CC6}.Debug|Any CPU.ActiveCfg = Debug|Any CPU
		{B45A7C63-C614-4C76-81FF-6EE61BE55CC6}.Debug|Any CPU.Build.0 = Debug|Any CPU
		{B45A7C63-C614-4C76-81FF-6EE61BE55CC6}.Release|Any CPU.ActiveCfg = Release|Any CPU
		{B45A7C63-C614-4C76-81FF-6EE61BE55CC6}.Release|Any CPU.Build.0 = Release|Any CPU
	EndGlobalSection
	GlobalSection(SolutionProperties) = preSolution
		HideSolutionNode = FALSE
	EndGlobalSection
	GlobalSection(ExtensibilityGlobals) = postSolution
		SolutionGuid = {7595C4B1-BC64-47F8-B4C8-550764FE3AAB}
	EndGlobalSection
EndGlobal
