
Microsoft Visual Studio Solution File, Format Version 12.00
# Visual Studio Version 16
VisualStudioVersion = 16.0.33423.256
MinimumVisualStudioVersion = 10.0.40219.1
Project("{FAE04EC0-301F-11D3-BF4B-00C04F79EFBC}") = "Challange1", "Challange1\Challange1.csproj", "{57A68DD7-3A44-46CF-AAD3-5222BA8C7514}"
EndProject
Global
	GlobalSection(SolutionConfigurationPlatforms) = preSolution
		Debug|Any CPU = Debug|Any CPU
		Release|Any CPU = Release|Any CPU
	EndGlobalSection
	GlobalSection(ProjectConfigurationPlatforms) = postSolution
		{57A68DD7-3A44-46CF-AAD3-5222BA8C7514}.Debug|Any CPU.ActiveCfg = Debug|Any CPU
		{57A68DD7-3A44-46CF-AAD3-5222BA8C7514}.Debug|Any CPU.Build.0 = Debug|Any CPU
		{57A68DD7-3A44-46CF-AAD3-5222BA8C7514}.Release|Any CPU.ActiveCfg = Release|Any CPU
		{57A68DD7-3A44-46CF-AAD3-5222BA8C7514}.Release|Any CPU.Build.0 = Release|Any CPU
	EndGlobalSection
	GlobalSection(SolutionProperties) = preSolution
		HideSolutionNode = FALSE
	EndGlobalSection
	GlobalSection(ExtensibilityGlobals) = postSolution
		SolutionGuid = {B7F99349-9516-4D5E-A178-251265DDF8DD}
	EndGlobalSection
EndGlobal
