
Microsoft Visual Studio Solution File, Format Version 12.00
# Visual Studio Version 16
VisualStudioVersion = 16.0.33423.256
MinimumVisualStudioVersion = 10.0.40219.1
Project("{FAE04EC0-301F-11D3-BF4B-00C04F79EFBC}") = "lab2", "lab2\lab2.csproj", "{2F676899-538C-4339-A590-E59DBDEF8DEE}"
EndProject
Global
	GlobalSection(SolutionConfigurationPlatforms) = preSolution
		Debug|Any CPU = Debug|Any CPU
		Release|Any CPU = Release|Any CPU
	EndGlobalSection
	GlobalSection(ProjectConfigurationPlatforms) = postSolution
		{2F676899-538C-4339-A590-E59DBDEF8DEE}.Debug|Any CPU.ActiveCfg = Debug|Any CPU
		{2F676899-538C-4339-A590-E59DBDEF8DEE}.Debug|Any CPU.Build.0 = Debug|Any CPU
		{2F676899-538C-4339-A590-E59DBDEF8DEE}.Release|Any CPU.ActiveCfg = Release|Any CPU
		{2F676899-538C-4339-A590-E59DBDEF8DEE}.Release|Any CPU.Build.0 = Release|Any CPU
	EndGlobalSection
	GlobalSection(SolutionProperties) = preSolution
		HideSolutionNode = FALSE
	EndGlobalSection
	GlobalSection(ExtensibilityGlobals) = postSolution
		SolutionGuid = {606B0670-8C29-4AB7-BE8B-B8696445D7FC}
	EndGlobalSection
EndGlobal
